Microsoft Visual Studio Solution File, Format Version 12.00
# Visual Studio Version 17
VisualStudioVersion = 17.5.2.0
MinimumVisualStudioVersion = 10.0.40219.1
Project("{FAE04EC0-301F-11D3-BF4B-00C04F79EFBC}") = "DeepLearningServer", "DeepLearningServer.csproj", "{BE2FF5FB-7CCD-3316-EC91-293309945273}"
EndProject
Global
	GlobalSection(SolutionConfigurationPlatforms) = preSolution
		Debug|Any CPU = Debug|Any CPU
		Release|Any CPU = Release|Any CPU
	EndGlobalSection
	GlobalSection(ProjectConfigurationPlatforms) = postSolution
		{BE2FF5FB-7CCD-3316-EC91-293309945273}.Debug|Any CPU.ActiveCfg = Debug|Any CPU
		{BE2FF5FB-7CCD-3316-EC91-293309945273}.Debug|Any CPU.Build.0 = Debug|Any CPU
		{BE2FF5FB-7CCD-3316-EC91-293309945273}.Release|Any CPU.ActiveCfg = Release|Any CPU
		{BE2FF5FB-7CCD-3316-EC91-293309945273}.Release|Any CPU.Build.0 = Release|Any CPU
	EndGlobalSection
	GlobalSection(SolutionProperties) = preSolution
		HideSolutionNode = FALSE
	EndGlobalSection
	GlobalSection(ExtensibilityGlobals) = postSolution
		SolutionGuid = {3D2E364B-CA0B-49C4-A39A-9FD5A90F29B3}
	EndGlobalSection
EndGlobal
